// !$*UTF8*$!
{
	archiveVersion = 1;
	classes = {
	};
	objectVersion = 48;
	objects = {

/* Begin PBXBuildFile section */
		5DAC3AF7209BEB0C008A8197 /* AppDelegate.m in Sources */ = {isa = PBXBuildFile; fileRef = 5DAC3AF6209BEB0C008A8197 /* AppDelegate.m */; };
		5DAC3AFA209BEB0C008A8197 /* ViewController.m in Sources */ = {isa = PBXBuildFile; fileRef = 5DAC3AF9209BEB0C008A8197 /* ViewController.m */; };
		5DAC3AFD209BEB0C008A8197 /* Main.storyboard in Resources */ = {isa = PBXBuildFile; fileRef = 5DAC3AFB209BEB0C008A8197 /* Main.storyboard */; };
		5DAC3AFF209BEB0C008A8197 /* Assets.xcassets in Resources */ = {isa = PBXBuildFile; fileRef = 5DAC3AFE209BEB0C008A8197 /* Assets.xcassets */; };
		5DAC3B02209BEB0C008A8197 /* LaunchScreen.storyboard in Resources */ = {isa = PBXBuildFile; fileRef = 5DAC3B00209BEB0C008A8197 /* LaunchScreen.storyboard */; };
		5DAC3B05209BEB0C008A8197 /* main.m in Sources */ = {isa = PBXBuildFile; fileRef = 5DAC3B04209BEB0C008A8197 /* main.m */; };
		5DAC3B26209BEBE1008A8197 /* ZHAlertController_iOS.h in Headers */ = {isa = PBXBuildFile; fileRef = 5DAC3B24209BEBE1008A8197 /* ZHAlertController_iOS.h */; settings = {ATTRIBUTES = (Public, ); }; };
		5DAC3B29209BEBE1008A8197 /* ZHAlertController.framework in Frameworks */ = {isa = PBXBuildFile; fileRef = 5DAC3B22209BEBE1008A8197 /* ZHAlertController.framework */; };
		5DAC3B2A209BEBE1008A8197 /* ZHAlertController.framework in Embed Frameworks */ = {isa = PBXBuildFile; fileRef = 5DAC3B22209BEBE1008A8197 /* ZHAlertController.framework */; settings = {ATTRIBUTES = (CodeSignOnCopy, RemoveHeadersOnCopy, ); }; };
/* End PBXBuildFile section */

/* Begin PBXContainerItemProxy section */
		5DAC3B27209BEBE1008A8197 /* PBXContainerItemProxy */ = {
			isa = PBXContainerItemProxy;
			containerPortal = 5DAC3AEA209BEB0C008A8197 /* Project object */;
			proxyType = 1;
			remoteGlobalIDString = 5DAC3B21209BEBE1008A8197;
			remoteInfo = "ZHAlertController iOS";
		};
/* End PBXContainerItemProxy section */

/* Begin PBXCopyFilesBuildPhase section */
		5DAC3B1C209BEB76008A8197 /* Embed Frameworks */ = {
			isa = PBXCopyFilesBuildPhase;
			buildActionMask = 2147483647;
			dstPath = "";
			dstSubfolderSpec = 10;
			files = (
				5DAC3B2A209BEBE1008A8197 /* ZHAlertController.framework in Embed Frameworks */,
			);
			name = "Embed Frameworks";
			runOnlyForDeploymentPostprocessing = 0;
		};
/* End PBXCopyFilesBuildPhase section */

/* Begin PBXFileReference section */
		5DAC3AF2209BEB0C008A8197 /* ZHAlertController Example.app */ = {isa = PBXFileReference; explicitFileType = wrapper.application; includeInIndex = 0; path = "ZHAlertController Example.app"; sourceTree = BUILT_PRODUCTS_DIR; };
		5DAC3AF5209BEB0C008A8197 /* AppDelegate.h */ = {isa = PBXFileReference; lastKnownFileType = sourcecode.c.h; path = AppDelegate.h; sourceTree = "<group>"; };
		5DAC3AF6209BEB0C008A8197 /* AppDelegate.m */ = {isa = PBXFileReference; lastKnownFileType = sourcecode.c.objc; path = AppDelegate.m; sourceTree = "<group>"; };
		5DAC3AF8209BEB0C008A8197 /* ViewController.h */ = {isa = PBXFileReference; lastKnownFileType = sourcecode.c.h; path = ViewController.h; sourceTree = "<group>"; };
		5DAC3AF9209BEB0C008A8197 /* ViewController.m */ = {isa = PBXFileReference; lastKnownFileType = sourcecode.c.objc; path = ViewController.m; sourceTree = "<group>"; };
		5DAC3AFC209BEB0C008A8197 /* Base */ = {isa = PBXFileReference; lastKnownFileType = file.storyboard; name = Base; path = Base.lproj/Main.storyboard; sourceTree = "<group>"; };
		5DAC3AFE209BEB0C008A8197 /* Assets.xcassets */ = {isa = PBXFileReference; lastKnownFileType = folder.assetcatalog; path = Assets.xcassets; sourceTree = "<group>"; };
		5DAC3B01209BEB0C008A8197 /* Base */ = {isa = PBXFileReference; lastKnownFileType = file.storyboard; name = Base; path = Base.lproj/LaunchScreen.storyboard; sourceTree = "<group>"; };
		5DAC3B03209BEB0C008A8197 /* Info.plist */ = {isa = PBXFileReference; lastKnownFileType = text.plist.xml; path = Info.plist; sourceTree = "<group>"; };
		5DAC3B04209BEB0C008A8197 /* main.m */ = {isa = PBXFileReference; lastKnownFileType = sourcecode.c.objc; path = main.m; sourceTree = "<group>"; };
		5DAC3B22209BEBE1008A8197 /* ZHAlertController.framework */ = {isa = PBXFileReference; explicitFileType = wrapper.framework; includeInIndex = 0; path = ZHAlertController.framework; sourceTree = BUILT_PRODUCTS_DIR; };
		5DAC3B24209BEBE1008A8197 /* ZHAlertController_iOS.h */ = {isa = PBXFileReference; lastKnownFileType = sourcecode.c.h; path = ZHAlertController_iOS.h; sourceTree = "<group>"; };
		5DAC3B25209BEBE1008A8197 /* Info.plist */ = {isa = PBXFileReference; lastKnownFileType = text.plist.xml; path = Info.plist; sourceTree = "<group>"; };
/* End PBXFileReference section */

/* Begin PBXFrameworksBuildPhase section */
		5DAC3AEF209BEB0C008A8197 /* Frameworks */ = {
			isa = PBXFrameworksBuildPhase;
			buildActionMask = 2147483647;
			files = (
				5DAC3B29209BEBE1008A8197 /* ZHAlertController.framework in Frameworks */,
			);
			runOnlyForDeploymentPostprocessing = 0;
		};
		5DAC3B1E209BEBE1008A8197 /* Frameworks */ = {
			isa = PBXFrameworksBuildPhase;
			buildActionMask = 2147483647;
			files = (
			);
			runOnlyForDeploymentPostprocessing = 0;
		};
/* End PBXFrameworksBuildPhase section */

/* Begin PBXGroup section */
		5DAC3AE9209BEB0C008A8197 = {
			isa = PBXGroup;
			children = (
				5DAC3AF4209BEB0C008A8197 /* ZHAlertController Example */,
				5DAC3B23209BEBE1008A8197 /* ZHAlertController iOS */,
				5DAC3AF3209BEB0C008A8197 /* Products */,
			);
			sourceTree = "<group>";
		};
		5DAC3AF3209BEB0C008A8197 /* Products */ = {
			isa = PBXGroup;
			children = (
				5DAC3AF2209BEB0C008A8197 /* ZHAlertController Example.app */,
				5DAC3B22209BEBE1008A8197 /* ZHAlertController.framework */,
			);
			name = Products;
			sourceTree = "<group>";
		};
		5DAC3AF4209BEB0C008A8197 /* ZHAlertController Example */ = {
			isa = PBXGroup;
			children = (
				5DAC3AF5209BEB0C008A8197 /* AppDelegate.h */,
				5DAC3AF6209BEB0C008A8197 /* AppDelegate.m */,
				5DAC3AF8209BEB0C008A8197 /* ViewController.h */,
				5DAC3AF9209BEB0C008A8197 /* ViewController.m */,
				5DAC3AFB209BEB0C008A8197 /* Main.storyboard */,
				5DAC3AFE209BEB0C008A8197 /* Assets.xcassets */,
				5DAC3B00209BEB0C008A8197 /* LaunchScreen.storyboard */,
				5DAC3B03209BEB0C008A8197 /* Info.plist */,
				5DAC3B04209BEB0C008A8197 /* main.m */,
			);
			path = "ZHAlertController Example";
			sourceTree = "<group>";
		};
		5DAC3B23209BEBE1008A8197 /* ZHAlertController iOS */ = {
			isa = PBXGroup;
			children = (
				5DAC3B24209BEBE1008A8197 /* ZHAlertController_iOS.h */,
				5DAC3B25209BEBE1008A8197 /* Info.plist */,
			);
			path = "ZHAlertController iOS";
			sourceTree = "<group>";
		};
/* End PBXGroup section */

/* Begin PBXHeadersBuildPhase section */
		5DAC3B1F209BEBE1008A8197 /* Headers */ = {
			isa = PBXHeadersBuildPhase;
			buildActionMask = 2147483647;
			files = (
				5DAC3B26209BEBE1008A8197 /* ZHAlertController_iOS.h in Headers */,
			);
			runOnlyForDeploymentPostprocessing = 0;
		};
/* End PBXHeadersBuildPhase section */

/* Begin PBXNativeTarget section */
		5DAC3AF1209BEB0C008A8197 /* ZHAlertController Example */ = {
			isa = PBXNativeTarget;
			buildConfigurationList = 5DAC3B08209BEB0C008A8197 /* Build configuration list for PBXNativeTarget "ZHAlertController Example" */;
			buildPhases = (
				5DAC3AEE209BEB0C008A8197 /* Sources */,
				5DAC3AEF209BEB0C008A8197 /* Frameworks */,
				5DAC3AF0209BEB0C008A8197 /* Resources */,
				5DAC3B1C209BEB76008A8197 /* Embed Frameworks */,
			);
			buildRules = (
			);
			dependencies = (
				5DAC3B28209BEBE1008A8197 /* PBXTargetDependency */,
			);
			name = "ZHAlertController Example";
			productName = ZHAlertController;
			productReference = 5DAC3AF2209BEB0C008A8197 /* ZHAlertController Example.app */;
			productType = "com.apple.product-type.application";
		};
		5DAC3B21209BEBE1008A8197 /* ZHAlertController iOS */ = {
			isa = PBXNativeTarget;
			buildConfigurationList = 5DAC3B2B209BEBE1008A8197 /* Build configuration list for PBXNativeTarget "ZHAlertController iOS" */;
			buildPhases = (
				5DAC3B1D209BEBE1008A8197 /* Sources */,
				5DAC3B1E209BEBE1008A8197 /* Frameworks */,
				5DAC3B1F209BEBE1008A8197 /* Headers */,
				5DAC3B20209BEBE1008A8197 /* Resources */,
			);
			buildRules = (
			);
			dependencies = (
			);
			name = "ZHAlertController iOS";
			productName = "ZHAlertController iOS";
			productReference = 5DAC3B22209BEBE1008A8197 /* ZHAlertController.framework */;
			productType = "com.apple.product-type.framework";
		};
/* End PBXNativeTarget section */

/* Begin PBXProject section */
		5DAC3AEA209BEB0C008A8197 /* Project object */ = {
			isa = PBXProject;
			attributes = {
				LastUpgradeCheck = 0910;
				ORGANIZATIONNAME = "张行";
				TargetAttributes = {
					5DAC3AF1209BEB0C008A8197 = {
						CreatedOnToolsVersion = 9.1;
						ProvisioningStyle = Automatic;
					};
					5DAC3B21209BEBE1008A8197 = {
						CreatedOnToolsVersion = 9.1;
						ProvisioningStyle = Automatic;
					};
				};
			};
			buildConfigurationList = 5DAC3AED209BEB0C008A8197 /* Build configuration list for PBXProject "ZHAlertController" */;
			compatibilityVersion = "Xcode 8.0";
			developmentRegion = en;
			hasScannedForEncodings = 0;
			knownRegions = (
				en,
				Base,
			);
			mainGroup = 5DAC3AE9209BEB0C008A8197;
			productRefGroup = 5DAC3AF3209BEB0C008A8197 /* Products */;
			projectDirPath = "";
			projectRoot = "";
			targets = (
				5DAC3AF1209BEB0C008A8197 /* ZHAlertController Example */,
				5DAC3B21209BEBE1008A8197 /* ZHAlertController iOS */,
			);
		};
/* End PBXProject section */

/* Begin PBXResourcesBuildPhase section */
		5DAC3AF0209BEB0C008A8197 /* Resources */ = {
			isa = PBXResourcesBuildPhase;
			buildActionMask = 2147483647;
			files = (
				5DAC3B02209BEB0C008A8197 /* LaunchScreen.storyboard in Resources */,
				5DAC3AFF209BEB0C008A8197 /* Assets.xcassets in Resources */,
				5DAC3AFD209BEB0C008A8197 /* Main.storyboard in Resources */,
			);
			runOnlyForDeploymentPostprocessing = 0;
		};
		5DAC3B20209BEBE1008A8197 /* Resources */ = {
			isa = PBXResourcesBuildPhase;
			buildActionMask = 2147483647;
			files = (
			);
			runOnlyForDeploymentPostprocessing = 0;
		};
/* End PBXResourcesBuildPhase section */

/* Begin PBXSourcesBuildPhase section */
		5DAC3AEE209BEB0C008A8197 /* Sources */ = {
			isa = PBXSourcesBuildPhase;
			buildActionMask = 2147483647;
			files = (
				5DAC3AFA209BEB0C008A8197 /* ViewController.m in Sources */,
				5DAC3B05209BEB0C008A8197 /* main.m in Sources */,
				5DAC3AF7209BEB0C008A8197 /* AppDelegate.m in Sources */,
			);
			runOnlyForDeploymentPostprocessing = 0;
		};
		5DAC3B1D209BEBE1008A8197 /* Sources */ = {
			isa = PBXSourcesBuildPhase;
			buildActionMask = 2147483647;
			files = (
			);
			runOnlyForDeploymentPostprocessing = 0;
		};
/* End PBXSourcesBuildPhase section */

/* Begin PBXTargetDependency section */
		5DAC3B28209BEBE1008A8197 /* PBXTargetDependency */ = {
			isa = PBXTargetDependency;
			target = 5DAC3B21209BEBE1008A8197 /* ZHAlertController iOS */;
			targetProxy = 5DAC3B27209BEBE1008A8197 /* PBXContainerItemProxy */;
		};
/* End PBXTargetDependency section */

/* Begin PBXVariantGroup section */
		5DAC3AFB209BEB0C008A8197 /* Main.storyboard */ = {
			isa = PBXVariantGroup;
			children = (
				5DAC3AFC209BEB0C008A8197 /* Base */,
			);
			name = Main.storyboard;
			sourceTree = "<group>";
		};
		5DAC3B00209BEB0C008A8197 /* LaunchScreen.storyboard */ = {
			isa = PBXVariantGroup;
			children = (
				5DAC3B01209BEB0C008A8197 /* Base */,
			);
			name = LaunchScreen.storyboard;
			sourceTree = "<group>";
		};
/* End PBXVariantGroup section */

/* Begin XCBuildConfiguration section */
		5DAC3B06209BEB0C008A8197 /* Debug */ = {
			isa = XCBuildConfiguration;
			buildSettings = {
				ALWAYS_SEARCH_USER_PATHS = NO;
				CLANG_ANALYZER_NONNULL = YES;
				CLANG_ANALYZER_NUMBER_OBJECT_CONVERSION = YES_AGGRESSIVE;
				CLANG_CXX_LANGUAGE_STANDARD = "gnu++14";
				CLANG_CXX_LIBRARY = "libc++";
				CLANG_ENABLE_MODULES = YES;
				CLANG_ENABLE_OBJC_ARC = YES;
				CLANG_WARN_BLOCK_CAPTURE_AUTORELEASING = YES;
				CLANG_WARN_BOOL_CONVERSION = YES;
				CLANG_WARN_COMMA = YES;
				CLANG_WARN_CONSTANT_CONVERSION = YES;
				CLANG_WARN_DIRECT_OBJC_ISA_USAGE = YES_ERROR;
				CLANG_WARN_DOCUMENTATION_COMMENTS = YES;
				CLANG_WARN_EMPTY_BODY = YES;
				CLANG_WARN_ENUM_CONVERSION = YES;
				CLANG_WARN_INFINITE_RECURSION = YES;
				CLANG_WARN_INT_CONVERSION = YES;
				CLANG_WARN_NON_LITERAL_NULL_CONVERSION = YES;
				CLANG_WARN_OBJC_LITERAL_CONVERSION = YES;
				CLANG_WARN_OBJC_ROOT_CLASS = YES_ERROR;
				CLANG_WARN_RANGE_LOOP_ANALYSIS = YES;
				CLANG_WARN_STRICT_PROTOTYPES = YES;
				CLANG_WARN_SUSPICIOUS_MOVE = YES;
				CLANG_WARN_UNGUARDED_AVAILABILITY = YES_AGGRESSIVE;
				CLANG_WARN_UNREACHABLE_CODE = YES;
				CLANG_WARN__DUPLICATE_METHOD_MATCH = YES;
				CODE_SIGN_IDENTITY = "iPhone Developer";
				COPY_PHASE_STRIP = NO;
				DEBUG_INFORMATION_FORMAT = dwarf;
				ENABLE_STRICT_OBJC_MSGSEND = YES;
				ENABLE_TESTABILITY = YES;
				GCC_C_LANGUAGE_STANDARD = gnu11;
				GCC_DYNAMIC_NO_PIC = NO;
				GCC_NO_COMMON_BLOCKS = YES;
				GCC_OPTIMIZATION_LEVEL = 0;
				GCC_PREPROCESSOR_DEFINITIONS = (
					"DEBUG=1",
					"$(inherited)",
				);
				GCC_WARN_64_TO_32_BIT_CONVERSION = YES;
				GCC_WARN_ABOUT_RETURN_TYPE = YES_ERROR;
				GCC_WARN_UNDECLARED_SELECTOR = YES;
				GCC_WARN_UNINITIALIZED_AUTOS = YES_AGGRESSIVE;
				GCC_WARN_UNUSED_FUNCTION = YES;
				GCC_WARN_UNUSED_VARIABLE = YES;
				IPHONEOS_DEPLOYMENT_TARGET = 11.1;
				MTL_ENABLE_DEBUG_INFO = YES;
				ONLY_ACTIVE_ARCH = YES;
				SDKROOT = iphoneos;
			};
			name = Debug;
		};
		5DAC3B07209BEB0C008A8197 /* Release */ = {
			isa = XCBuildConfiguration;
			buildSettings = {
				ALWAYS_SEARCH_USER_PATHS = NO;
				CLANG_ANALYZER_NONNULL = YES;
				CLANG_ANALYZER_NUMBER_OBJECT_CONVERSION = YES_AGGRESSIVE;
				CLANG_CXX_LANGUAGE_STANDARD = "gnu++14";
				CLANG_CXX_LIBRARY = "libc++";
				CLANG_ENABLE_MODULES = YES;
				CLANG_ENABLE_OBJC_ARC = YES;
				CLANG_WARN_BLOCK_CAPTURE_AUTORELEASING = YES;
				CLANG_WARN_BOOL_CONVERSION = YES;
				CLANG_WARN_COMMA = YES;
				CLANG_WARN_CONSTANT_CONVERSION = YES;
				CLANG_WARN_DIRECT_OBJC_ISA_USAGE = YES_ERROR;
				CLANG_WARN_DOCUMENTATION_COMMENTS = YES;
				CLANG_WARN_EMPTY_BODY = YES;
				CLANG_WARN_ENUM_CONVERSION = YES;
				CLANG_WARN_INFINITE_RECURSION = YES;
				CLANG_WARN_INT_CONVERSION = YES;
				CLANG_WARN_NON_LITERAL_NULL_CONVERSION = YES;
				CLANG_WARN_OBJC_LITERAL_CONVERSION = YES;
				CLANG_WARN_OBJC_ROOT_CLASS = YES_ERROR;
				CLANG_WARN_RANGE_LOOP_ANALYSIS = YES;
				CLANG_WARN_STRICT_PROTOTYPES = YES;
				CLANG_WARN_SUSPICIOUS_MOVE = YES;
				CLANG_WARN_UNGUARDED_AVAILABILITY = YES_AGGRESSIVE;
				CLANG_WARN_UNREACHABLE_CODE = YES;
				CLANG_WARN__DUPLICATE_METHOD_MATCH = YES;
				CODE_SIGN_IDENTITY = "iPhone Developer";
				COPY_PHASE_STRIP = NO;
				DEBUG_INFORMATION_FORMAT = "dwarf-with-dsym";
				ENABLE_NS_ASSERTIONS = NO;
				ENABLE_STRICT_OBJC_MSGSEND = YES;
				GCC_C_LANGUAGE_STANDARD = gnu11;
				GCC_NO_COMMON_BLOCKS = YES;
				GCC_WARN_64_TO_32_BIT_CONVERSION = YES;
				GCC_WARN_ABOUT_RETURN_TYPE = YES_ERROR;
				GCC_WARN_UNDECLARED_SELECTOR = YES;
				GCC_WARN_UNINITIALIZED_AUTOS = YES_AGGRESSIVE;
				GCC_WARN_UNUSED_FUNCTION = YES;
				GCC_WARN_UNUSED_VARIABLE = YES;
				IPHONEOS_DEPLOYMENT_TARGET = 11.1;
				MTL_ENABLE_DEBUG_INFO = NO;
				SDKROOT = iphoneos;
				VALIDATE_PRODUCT = YES;
			};
			name = Release;
		};
		5DAC3B09209BEB0C008A8197 /* Debug */ = {
			isa = XCBuildConfiguration;
			buildSettings = {
				ASSETCATALOG_COMPILER_APPICON_NAME = AppIcon;
				CODE_SIGN_STYLE = Automatic;
				DEVELOPMENT_TEAM = 9RWES6K38C;
				INFOPLIST_FILE = ZHAlertController/Info.plist;
				IPHONEOS_DEPLOYMENT_TARGET = 8.0;
				LD_RUNPATH_SEARCH_PATHS = "$(inherited) @executable_path/Frameworks";
				PRODUCT_BUNDLE_IDENTIFIER = com.globalegrow.ZHAlertController;
				PRODUCT_NAME = "$(TARGET_NAME)";
				TARGETED_DEVICE_FAMILY = "1,2";
			};
			name = Debug;
		};
		5DAC3B0A209BEB0C008A8197 /* Release */ = {
			isa = XCBuildConfiguration;
			buildSettings = {
				ASSETCATALOG_COMPILER_APPICON_NAME = AppIcon;
				CODE_SIGN_STYLE = Automatic;
				DEVELOPMENT_TEAM = 9RWES6K38C;
				INFOPLIST_FILE = ZHAlertController/Info.plist;
				IPHONEOS_DEPLOYMENT_TARGET = 8.0;
				LD_RUNPATH_SEARCH_PATHS = "$(inherited) @executable_path/Frameworks";
				PRODUCT_BUNDLE_IDENTIFIER = com.globalegrow.ZHAlertController;
				PRODUCT_NAME = "$(TARGET_NAME)";
				TARGETED_DEVICE_FAMILY = "1,2";
			};
			name = Release;
		};
		5DAC3B2C209BEBE1008A8197 /* Debug */ = {
			isa = XCBuildConfiguration;
			buildSettings = {
				CODE_SIGN_IDENTITY = "";
				CODE_SIGN_STYLE = Automatic;
				CURRENT_PROJECT_VERSION = 1;
				DEFINES_MODULE = YES;
				DEVELOPMENT_TEAM = 9RWES6K38C;
				DYLIB_COMPATIBILITY_VERSION = 1;
				DYLIB_CURRENT_VERSION = 1;
				DYLIB_INSTALL_NAME_BASE = "@rpath";
				INFOPLIST_FILE = "ZHAlertController iOS/Info.plist";
				INSTALL_PATH = "$(LOCAL_LIBRARY_DIR)/Frameworks";
				LD_RUNPATH_SEARCH_PATHS = "$(inherited) @executable_path/Frameworks @loader_path/Frameworks";
				PRODUCT_BUNDLE_IDENTIFIER = "com.globalegrow.ZHAlertController-iOS";
				PRODUCT_NAME = ZHAlertController;
				SKIP_INSTALL = YES;
				TARGETED_DEVICE_FAMILY = "1,2";
				VERSIONING_SYSTEM = "apple-generic";
				VERSION_INFO_PREFIX = "";
			};
			name = Debug;
		};
		5DAC3B2D209BEBE1008A8197 /* Release */ = {
			isa = XCBuildConfiguration;
			buildSettings = {
				CODE_SIGN_IDENTITY = "";
				CODE_SIGN_STYLE = Automatic;
				CURRENT_PROJECT_VERSION = 1;
				DEFINES_MODULE = YES;
				DEVELOPMENT_TEAM = 9RWES6K38C;
				DYLIB_COMPATIBILITY_VERSION = 1;
				DYLIB_CURRENT_VERSION = 1;
				DYLIB_INSTALL_NAME_BASE = "@rpath";
				INFOPLIST_FILE = "ZHAlertController iOS/Info.plist";
				INSTALL_PATH = "$(LOCAL_LIBRARY_DIR)/Frameworks";
				LD_RUNPATH_SEARCH_PATHS = "$(inherited) @executable_path/Frameworks @loader_path/Frameworks";
				PRODUCT_BUNDLE_IDENTIFIER = "com.globalegrow.ZHAlertController-iOS";
				PRODUCT_NAME = ZHAlertController;
				SKIP_INSTALL = YES;
				TARGETED_DEVICE_FAMILY = "1,2";
				VERSIONING_SYSTEM = "apple-generic";
				VERSION_INFO_PREFIX = "";
			};
			name = Release;
		};
/* End XCBuildConfiguration section */

/* Begin XCConfigurationList section */
		5DAC3AED209BEB0C008A8197 /* Build configuration list for PBXProject "ZHAlertController" */ = {
			isa = XCConfigurationList;
			buildConfigurations = (
				5DAC3B06209BEB0C008A8197 /* Debug */,
				5DAC3B07209BEB0C008A8197 /* Release */,
			);
			defaultConfigurationIsVisible = 0;
			defaultConfigurationName = Release;
		};
		5DAC3B08209BEB0C008A8197 /* Build configuration list for PBXNativeTarget "ZHAlertController Example" */ = {
			isa = XCConfigurationList;
			buildConfigurations = (
				5DAC3B09209BEB0C008A8197 /* Debug */,
				5DAC3B0A209BEB0C008A8197 /* Release */,
			);
			defaultConfigurationIsVisible = 0;
			defaultConfigurationName = Release;
		};
		5DAC3B2B209BEBE1008A8197 /* Build configuration list for PBXNativeTarget "ZHAlertController iOS" */ = {
			isa = XCConfigurationList;
			buildConfigurations = (
				5DAC3B2C209BEBE1008A8197 /* Debug */,
				5DAC3B2D209BEBE1008A8197 /* Release */,
			);
			defaultConfigurationIsVisible = 0;
			defaultConfigurationName = Release;
		};
/* End XCConfigurationList section */
	};
	rootObject = 5DAC3AEA209BEB0C008A8197 /* Project object */;
}
